
Microsoft Visual Studio Solution File, Format Version 12.00
# Visual Studio Version 17
VisualStudioVersion = 17.10.34928.147
MinimumVisualStudioVersion = 10.0.40219.1
Project("{9A19103F-16F7-4668-BE54-9A1E7A4F7556}") = "BackEndFinal", "BackEndFinal\BackEndFinal.csproj", "{C32DA21B-9F0D-47CF-AFE7-9CFD48CC3CD8}"
EndProject
Global
	GlobalSection(SolutionConfigurationPlatforms) = preSolution
		Debug|Any CPU = Debug|Any CPU
		Release|Any CPU = Release|Any CPU
	EndGlobalSection
	GlobalSection(ProjectConfigurationPlatforms) = postSolution
		{C32DA21B-9F0D-47CF-AFE7-9CFD48CC3CD8}.Debug|Any CPU.ActiveCfg = Debug|Any CPU
		{C32DA21B-9F0D-47CF-AFE7-9CFD48CC3CD8}.Debug|Any CPU.Build.0 = Debug|Any CPU
		{C32DA21B-9F0D-47CF-AFE7-9CFD48CC3CD8}.Release|Any CPU.ActiveCfg = Release|Any CPU
		{C32DA21B-9F0D-47CF-AFE7-9CFD48CC3CD8}.Release|Any CPU.Build.0 = Release|Any CPU
	EndGlobalSection
	GlobalSection(SolutionProperties) = preSolution
		HideSolutionNode = FALSE
	EndGlobalSection
	GlobalSection(ExtensibilityGlobals) = postSolution
		SolutionGuid = {6A5CC752-CC30-4C0E-9205-D359856C78B9}
	EndGlobalSection
EndGlobal
